
Microsoft Visual Studio Solution File, Format Version 12.00
# Visual Studio Version 16
VisualStudioVersion = 16.0.30225.117
MinimumVisualStudioVersion = 10.0.40219.1
Project("{FAE04EC0-301F-11D3-BF4B-00C04F79EFBC}") = "OOPINtroCSharp", "OOPINtroCSharp.csproj", "{48DAE3BA-B8A0-4B87-B888-5032F36C1761}"
EndProject
Global
	GlobalSection(SolutionConfigurationPlatforms) = preSolution
		Debug|Any CPU = Debug|Any CPU
		Release|Any CPU = Release|Any CPU
	EndGlobalSection
	GlobalSection(ProjectConfigurationPlatforms) = postSolution
		{48DAE3BA-B8A0-4B87-B888-5032F36C1761}.Debug|Any CPU.ActiveCfg = Debug|Any CPU
		{48DAE3BA-B8A0-4B87-B888-5032F36C1761}.Debug|Any CPU.Build.0 = Debug|Any CPU
		{48DAE3BA-B8A0-4B87-B888-5032F36C1761}.Release|Any CPU.ActiveCfg = Release|Any CPU
		{48DAE3BA-B8A0-4B87-B888-5032F36C1761}.Release|Any CPU.Build.0 = Release|Any CPU
	EndGlobalSection
	GlobalSection(SolutionProperties) = preSolution
		HideSolutionNode = FALSE
	EndGlobalSection
	GlobalSection(ExtensibilityGlobals) = postSolution
		SolutionGuid = {4A71BFEC-8FCC-422D-A41F-6C5E53A173F4}
	EndGlobalSection
EndGlobal
